
Microsoft Visual Studio Solution File, Format Version 12.00
Project("{FAE04EC0-301F-11D3-BF4B-00C04F79EFBC}") = "CryptoTrackerService.Gateway", "CryptoTrackerService.Gateway\CryptoTrackerService.Gateway.csproj", "{0B4374B2-50F1-4A23-8722-6674E2AA96D4}"
EndProject
Project("{2150E333-8FDC-42A3-9474-1A3956D46DE8}") = "Implementations", "Implementations", "{BBA4B680-02BA-4E7C-AA3A-C45C0C85C3C9}"
EndProject
Project("{2150E333-8FDC-42A3-9474-1A3956D46DE8}") = "Abstractions", "Abstractions", "{2C50F7D5-8B45-4B5B-8030-54049276655E}"
EndProject
Project("{FAE04EC0-301F-11D3-BF4B-00C04F79EFBC}") = "Core.Abstractions", "Abstractions\Core.Abstractions\Core.Abstractions.csproj", "{B6BC8834-1476-4909-9D8A-3BB0953177A9}"
EndProject
Project("{FAE04EC0-301F-11D3-BF4B-00C04F79EFBC}") = "Core", "Implementations\Core\Core.csproj", "{AA07CDFF-781B-456D-BB25-1A3C4B6BD84A}"
EndProject
Project("{2150E333-8FDC-42A3-9474-1A3956D46DE8}") = "Clients", "Clients", "{A762BEB7-F2FD-4ECC-B861-B6A02494B18B}"
EndProject
Project("{FAE04EC0-301F-11D3-BF4B-00C04F79EFBC}") = "BybitClient", "Implementations\Clients\BybitClient\BybitClient.csproj", "{0E05FE30-7845-440E-B02D-1014709D8414}"
EndProject
Project("{FAE04EC0-301F-11D3-BF4B-00C04F79EFBC}") = "BinanceClient", "Implementations\Clients\BinanceClient\BinanceClient.csproj", "{348B850A-BB53-408D-9A7C-0FFA83A821A9}"
EndProject
Project("{FAE04EC0-301F-11D3-BF4B-00C04F79EFBC}") = "Exchanges.Abstractions", "Abstractions\Exchanges.Abstractions\Exchanges.Abstractions.csproj", "{E1901EAD-25E7-489B-BB43-BE7D72DCCF67}"
EndProject
Project("{FAE04EC0-301F-11D3-BF4B-00C04F79EFBC}") = "DAL.Abstractions", "Abstractions\DAL.Abstractions\DAL.Abstractions.csproj", "{6691186D-ED47-46E4-9FD2-10AB4FA330F9}"
EndProject
Project("{FAE04EC0-301F-11D3-BF4B-00C04F79EFBC}") = "DAL", "Implementations\DAL\DAL.csproj", "{76E522D5-D204-43AD-9507-9825B2981E95}"
EndProject
Project("{FAE04EC0-301F-11D3-BF4B-00C04F79EFBC}") = "CryptoTrackerService.Tests", "CryptoTrackerService.Tests\CryptoTrackerService.Tests.csproj", "{26B35922-025E-4967-AE79-5E413F16E472}"
EndProject
Global
	GlobalSection(SolutionConfigurationPlatforms) = preSolution
		Debug|Any CPU = Debug|Any CPU
		Release|Any CPU = Release|Any CPU
	EndGlobalSection
	GlobalSection(ProjectConfigurationPlatforms) = postSolution
		{0B4374B2-50F1-4A23-8722-6674E2AA96D4}.Debug|Any CPU.ActiveCfg = Debug|Any CPU
		{0B4374B2-50F1-4A23-8722-6674E2AA96D4}.Debug|Any CPU.Build.0 = Debug|Any CPU
		{0B4374B2-50F1-4A23-8722-6674E2AA96D4}.Release|Any CPU.ActiveCfg = Release|Any CPU
		{0B4374B2-50F1-4A23-8722-6674E2AA96D4}.Release|Any CPU.Build.0 = Release|Any CPU
		{B6BC8834-1476-4909-9D8A-3BB0953177A9}.Debug|Any CPU.ActiveCfg = Debug|Any CPU
		{B6BC8834-1476-4909-9D8A-3BB0953177A9}.Debug|Any CPU.Build.0 = Debug|Any CPU
		{B6BC8834-1476-4909-9D8A-3BB0953177A9}.Release|Any CPU.ActiveCfg = Release|Any CPU
		{B6BC8834-1476-4909-9D8A-3BB0953177A9}.Release|Any CPU.Build.0 = Release|Any CPU
		{AA07CDFF-781B-456D-BB25-1A3C4B6BD84A}.Debug|Any CPU.ActiveCfg = Debug|Any CPU
		{AA07CDFF-781B-456D-BB25-1A3C4B6BD84A}.Debug|Any CPU.Build.0 = Debug|Any CPU
		{AA07CDFF-781B-456D-BB25-1A3C4B6BD84A}.Release|Any CPU.ActiveCfg = Release|Any CPU
		{AA07CDFF-781B-456D-BB25-1A3C4B6BD84A}.Release|Any CPU.Build.0 = Release|Any CPU
		{0E05FE30-7845-440E-B02D-1014709D8414}.Debug|Any CPU.ActiveCfg = Debug|Any CPU
		{0E05FE30-7845-440E-B02D-1014709D8414}.Debug|Any CPU.Build.0 = Debug|Any CPU
		{0E05FE30-7845-440E-B02D-1014709D8414}.Release|Any CPU.ActiveCfg = Release|Any CPU
		{0E05FE30-7845-440E-B02D-1014709D8414}.Release|Any CPU.Build.0 = Release|Any CPU
		{348B850A-BB53-408D-9A7C-0FFA83A821A9}.Debug|Any CPU.ActiveCfg = Debug|Any CPU
		{348B850A-BB53-408D-9A7C-0FFA83A821A9}.Debug|Any CPU.Build.0 = Debug|Any CPU
		{348B850A-BB53-408D-9A7C-0FFA83A821A9}.Release|Any CPU.ActiveCfg = Release|Any CPU
		{348B850A-BB53-408D-9A7C-0FFA83A821A9}.Release|Any CPU.Build.0 = Release|Any CPU
		{E1901EAD-25E7-489B-BB43-BE7D72DCCF67}.Debug|Any CPU.ActiveCfg = Debug|Any CPU
		{E1901EAD-25E7-489B-BB43-BE7D72DCCF67}.Debug|Any CPU.Build.0 = Debug|Any CPU
		{E1901EAD-25E7-489B-BB43-BE7D72DCCF67}.Release|Any CPU.ActiveCfg = Release|Any CPU
		{E1901EAD-25E7-489B-BB43-BE7D72DCCF67}.Release|Any CPU.Build.0 = Release|Any CPU
		{6691186D-ED47-46E4-9FD2-10AB4FA330F9}.Debug|Any CPU.ActiveCfg = Debug|Any CPU
		{6691186D-ED47-46E4-9FD2-10AB4FA330F9}.Debug|Any CPU.Build.0 = Debug|Any CPU
		{6691186D-ED47-46E4-9FD2-10AB4FA330F9}.Release|Any CPU.ActiveCfg = Release|Any CPU
		{6691186D-ED47-46E4-9FD2-10AB4FA330F9}.Release|Any CPU.Build.0 = Release|Any CPU
		{76E522D5-D204-43AD-9507-9825B2981E95}.Debug|Any CPU.ActiveCfg = Debug|Any CPU
		{76E522D5-D204-43AD-9507-9825B2981E95}.Debug|Any CPU.Build.0 = Debug|Any CPU
		{76E522D5-D204-43AD-9507-9825B2981E95}.Release|Any CPU.ActiveCfg = Release|Any CPU
		{76E522D5-D204-43AD-9507-9825B2981E95}.Release|Any CPU.Build.0 = Release|Any CPU
		{26B35922-025E-4967-AE79-5E413F16E472}.Debug|Any CPU.ActiveCfg = Debug|Any CPU
		{26B35922-025E-4967-AE79-5E413F16E472}.Debug|Any CPU.Build.0 = Debug|Any CPU
		{26B35922-025E-4967-AE79-5E413F16E472}.Release|Any CPU.ActiveCfg = Release|Any CPU
		{26B35922-025E-4967-AE79-5E413F16E472}.Release|Any CPU.Build.0 = Release|Any CPU
	EndGlobalSection
	GlobalSection(NestedProjects) = preSolution
		{B6BC8834-1476-4909-9D8A-3BB0953177A9} = {2C50F7D5-8B45-4B5B-8030-54049276655E}
		{AA07CDFF-781B-456D-BB25-1A3C4B6BD84A} = {BBA4B680-02BA-4E7C-AA3A-C45C0C85C3C9}
		{A762BEB7-F2FD-4ECC-B861-B6A02494B18B} = {BBA4B680-02BA-4E7C-AA3A-C45C0C85C3C9}
		{0E05FE30-7845-440E-B02D-1014709D8414} = {A762BEB7-F2FD-4ECC-B861-B6A02494B18B}
		{348B850A-BB53-408D-9A7C-0FFA83A821A9} = {A762BEB7-F2FD-4ECC-B861-B6A02494B18B}
		{E1901EAD-25E7-489B-BB43-BE7D72DCCF67} = {2C50F7D5-8B45-4B5B-8030-54049276655E}
		{6691186D-ED47-46E4-9FD2-10AB4FA330F9} = {2C50F7D5-8B45-4B5B-8030-54049276655E}
		{76E522D5-D204-43AD-9507-9825B2981E95} = {BBA4B680-02BA-4E7C-AA3A-C45C0C85C3C9}
	EndGlobalSection
EndGlobal
